// !$*UTF8*$!
{
	archiveVersion = 1;
	classes = {
	};
	objectVersion = 48;
	objects = {

/* Begin PBXBuildFile section */
		8F387559200B7FF200411E1B /* AppDelegate.swift in Sources */ = {isa = PBXBuildFile; fileRef = 8F387558200B7FF200411E1B /* AppDelegate.swift */; };
		8F38755B200B7FF200411E1B /* ViewController.swift in Sources */ = {isa = PBXBuildFile; fileRef = 8F38755A200B7FF200411E1B /* ViewController.swift */; };
		8F38755E200B7FF200411E1B /* Main.storyboard in Resources */ = {isa = PBXBuildFile; fileRef = 8F38755C200B7FF200411E1B /* Main.storyboard */; };
		8F387561200B7FF200411E1B /* Convos_iOS.xcdatamodeld in Sources */ = {isa = PBXBuildFile; fileRef = 8F38755F200B7FF200411E1B /* Convos_iOS.xcdatamodeld */; };
		8F387563200B7FF200411E1B /* Assets.xcassets in Resources */ = {isa = PBXBuildFile; fileRef = 8F387562200B7FF200411E1B /* Assets.xcassets */; };
		8F387566200B7FF200411E1B /* LaunchScreen.storyboard in Resources */ = {isa = PBXBuildFile; fileRef = 8F387564200B7FF200411E1B /* LaunchScreen.storyboard */; };
/* End PBXBuildFile section */

/* Begin PBXFileReference section */
		8F387555200B7FF200411E1B /* Convos_iOS.app */ = {isa = PBXFileReference; explicitFileType = wrapper.application; includeInIndex = 0; path = Convos_iOS.app; sourceTree = BUILT_PRODUCTS_DIR; };
		8F387558200B7FF200411E1B /* AppDelegate.swift */ = {isa = PBXFileReference; lastKnownFileType = sourcecode.swift; path = AppDelegate.swift; sourceTree = "<group>"; };
		8F38755A200B7FF200411E1B /* ViewController.swift */ = {isa = PBXFileReference; lastKnownFileType = sourcecode.swift; path = ViewController.swift; sourceTree = "<group>"; };
		8F38755D200B7FF200411E1B /* Base */ = {isa = PBXFileReference; lastKnownFileType = file.storyboard; name = Base; path = Base.lproj/Main.storyboard; sourceTree = "<group>"; };
		8F387560200B7FF200411E1B /* Convos_iOS.xcdatamodel */ = {isa = PBXFileReference; lastKnownFileType = wrapper.xcdatamodel; path = Convos_iOS.xcdatamodel; sourceTree = "<group>"; };
		8F387562200B7FF200411E1B /* Assets.xcassets */ = {isa = PBXFileReference; lastKnownFileType = folder.assetcatalog; path = Assets.xcassets; sourceTree = "<group>"; };
		8F387565200B7FF200411E1B /* Base */ = {isa = PBXFileReference; lastKnownFileType = file.storyboard; name = Base; path = Base.lproj/LaunchScreen.storyboard; sourceTree = "<group>"; };
		8F387567200B7FF200411E1B /* Info.plist */ = {isa = PBXFileReference; lastKnownFileType = text.plist.xml; path = Info.plist; sourceTree = "<group>"; };
/* End PBXFileReference section */

/* Begin PBXFrameworksBuildPhase section */
		8F387552200B7FF200411E1B /* Frameworks */ = {
			isa = PBXFrameworksBuildPhase;
			buildActionMask = 2147483647;
			files = (
			);
			runOnlyForDeploymentPostprocessing = 0;
		};
/* End PBXFrameworksBuildPhase section */

/* Begin PBXGroup section */
		8F38754C200B7FF200411E1B = {
			isa = PBXGroup;
			children = (
				8F387557200B7FF200411E1B /* Convos_iOS */,
				8F387556200B7FF200411E1B /* Products */,
			);
			sourceTree = "<group>";
		};
		8F387556200B7FF200411E1B /* Products */ = {
			isa = PBXGroup;
			children = (
				8F387555200B7FF200411E1B /* Convos_iOS.app */,
			);
			name = Products;
			sourceTree = "<group>";
		};
		8F387557200B7FF200411E1B /* Convos_iOS */ = {
			isa = PBXGroup;
			children = (
				8F387558200B7FF200411E1B /* AppDelegate.swift */,
				8F38755A200B7FF200411E1B /* ViewController.swift */,
				8F38755C200B7FF200411E1B /* Main.storyboard */,
				8F387562200B7FF200411E1B /* Assets.xcassets */,
				8F387564200B7FF200411E1B /* LaunchScreen.storyboard */,
				8F387567200B7FF200411E1B /* Info.plist */,
				8F38755F200B7FF200411E1B /* Convos_iOS.xcdatamodeld */,
			);
			path = Convos_iOS;
			sourceTree = "<group>";
		};
/* End PBXGroup section */

/* Begin PBXNativeTarget section */
		8F387554200B7FF200411E1B /* Convos_iOS */ = {
			isa = PBXNativeTarget;
			buildConfigurationList = 8F38756A200B7FF200411E1B /* Build configuration list for PBXNativeTarget "Convos_iOS" */;
			buildPhases = (
				8F387551200B7FF200411E1B /* Sources */,
				8F387552200B7FF200411E1B /* Frameworks */,
				8F387553200B7FF200411E1B /* Resources */,
			);
			buildRules = (
			);
			dependencies = (
			);
			name = Convos_iOS;
			productName = Convos_iOS;
			productReference = 8F387555200B7FF200411E1B /* Convos_iOS.app */;
			productType = "com.apple.product-type.application";
		};
/* End PBXNativeTarget section */

/* Begin PBXProject section */
		8F38754D200B7FF200411E1B /* Project object */ = {
			isa = PBXProject;
			attributes = {
				LastSwiftUpdateCheck = 0920;
				LastUpgradeCheck = 0920;
				ORGANIZATIONNAME = anirudh;
				TargetAttributes = {
					8F387554200B7FF200411E1B = {
						CreatedOnToolsVersion = 9.2;
						ProvisioningStyle = Automatic;
					};
				};
			};
			buildConfigurationList = 8F387550200B7FF200411E1B /* Build configuration list for PBXProject "Convos_iOS" */;
			compatibilityVersion = "Xcode 8.0";
			developmentRegion = en;
			hasScannedForEncodings = 0;
			knownRegions = (
				en,
				Base,
			);
			mainGroup = 8F38754C200B7FF200411E1B;
			productRefGroup = 8F387556200B7FF200411E1B /* Products */;
			projectDirPath = "";
			projectRoot = "";
			targets = (
				8F387554200B7FF200411E1B /* Convos_iOS */,
			);
		};
/* End PBXProject section */

/* Begin PBXResourcesBuildPhase section */
		8F387553200B7FF200411E1B /* Resources */ = {
			isa = PBXResourcesBuildPhase;
			buildActionMask = 2147483647;
			files = (
				8F387566200B7FF200411E1B /* LaunchScreen.storyboard in Resources */,
				8F387563200B7FF200411E1B /* Assets.xcassets in Resources */,
				8F38755E200B7FF200411E1B /* Main.storyboard in Resources */,
			);
			runOnlyForDeploymentPostprocessing = 0;
		};
/* End PBXResourcesBuildPhase section */

/* Begin PBXSourcesBuildPhase section */
		8F387551200B7FF200411E1B /* Sources */ = {
			isa = PBXSourcesBuildPhase;
			buildActionMask = 2147483647;
			files = (
				8F38755B200B7FF200411E1B /* ViewController.swift in Sources */,
				8F387559200B7FF200411E1B /* AppDelegate.swift in Sources */,
				8F387561200B7FF200411E1B /* Convos_iOS.xcdatamodeld in Sources */,
			);
			runOnlyForDeploymentPostprocessing = 0;
		};
/* End PBXSourcesBuildPhase section */

/* Begin PBXVariantGroup section */
		8F38755C200B7FF200411E1B /* Main.storyboard */ = {
			isa = PBXVariantGroup;
			children = (
				8F38755D200B7FF200411E1B /* Base */,
			);
			name = Main.storyboard;
			sourceTree = "<group>";
		};
		8F387564200B7FF200411E1B /* LaunchScreen.storyboard */ = {
			isa = PBXVariantGroup;
			children = (
				8F387565200B7FF200411E1B /* Base */,
			);
			name = LaunchScreen.storyboard;
			sourceTree = "<group>";
		};
/* End PBXVariantGroup section */

/* Begin XCBuildConfiguration section */
		8F387568200B7FF200411E1B /* Debug */ = {
			isa = XCBuildConfiguration;
			buildSettings = {
				ALWAYS_SEARCH_USER_PATHS = NO;
				CLANG_ANALYZER_NONNULL = YES;
				CLANG_ANALYZER_NUMBER_OBJECT_CONVERSION = YES_AGGRESSIVE;
				CLANG_CXX_LANGUAGE_STANDARD = "gnu++14";
				CLANG_CXX_LIBRARY = "libc++";
				CLANG_ENABLE_MODULES = YES;
				CLANG_ENABLE_OBJC_ARC = YES;
				CLANG_WARN_BLOCK_CAPTURE_AUTORELEASING = YES;
				CLANG_WARN_BOOL_CONVERSION = YES;
				CLANG_WARN_COMMA = YES;
				CLANG_WARN_CONSTANT_CONVERSION = YES;
				CLANG_WARN_DIRECT_OBJC_ISA_USAGE = YES_ERROR;
				CLANG_WARN_DOCUMENTATION_COMMENTS = YES;
				CLANG_WARN_EMPTY_BODY = YES;
				CLANG_WARN_ENUM_CONVERSION = YES;
				CLANG_WARN_INFINITE_RECURSION = YES;
				CLANG_WARN_INT_CONVERSION = YES;
				CLANG_WARN_NON_LITERAL_NULL_CONVERSION = YES;
				CLANG_WARN_OBJC_LITERAL_CONVERSION = YES;
				CLANG_WARN_OBJC_ROOT_CLASS = YES_ERROR;
				CLANG_WARN_RANGE_LOOP_ANALYSIS = YES;
				CLANG_WARN_STRICT_PROTOTYPES = YES;
				CLANG_WARN_SUSPICIOUS_MOVE = YES;
				CLANG_WARN_UNGUARDED_AVAILABILITY = YES_AGGRESSIVE;
				CLANG_WARN_UNREACHABLE_CODE = YES;
				CLANG_WARN__DUPLICATE_METHOD_MATCH = YES;
				CODE_SIGN_IDENTITY = "iPhone Developer";
				COPY_PHASE_STRIP = NO;
				DEBUG_INFORMATION_FORMAT = dwarf;
				ENABLE_STRICT_OBJC_MSGSEND = YES;
				ENABLE_TESTABILITY = YES;
				GCC_C_LANGUAGE_STANDARD = gnu11;
				GCC_DYNAMIC_NO_PIC = NO;
				GCC_NO_COMMON_BLOCKS = YES;
				GCC_OPTIMIZATION_LEVEL = 0;
				GCC_PREPROCESSOR_DEFINITIONS = (
					"DEBUG=1",
					"$(inherited)",
				);
				GCC_WARN_64_TO_32_BIT_CONVERSION = YES;
				GCC_WARN_ABOUT_RETURN_TYPE = YES_ERROR;
				GCC_WARN_UNDECLARED_SELECTOR = YES;
				GCC_WARN_UNINITIALIZED_AUTOS = YES_AGGRESSIVE;
				GCC_WARN_UNUSED_FUNCTION = YES;
				GCC_WARN_UNUSED_VARIABLE = YES;
				IPHONEOS_DEPLOYMENT_TARGET = 11.2;
				MTL_ENABLE_DEBUG_INFO = YES;
				ONLY_ACTIVE_ARCH = YES;
				SDKROOT = iphoneos;
				SWIFT_ACTIVE_COMPILATION_CONDITIONS = DEBUG;
				SWIFT_OPTIMIZATION_LEVEL = "-Onone";
			};
			name = Debug;
		};
		8F387569200B7FF200411E1B /* Release */ = {
			isa = XCBuildConfiguration;
			buildSettings = {
				ALWAYS_SEARCH_USER_PATHS = NO;
				CLANG_ANALYZER_NONNULL = YES;
				CLANG_ANALYZER_NUMBER_OBJECT_CONVERSION = YES_AGGRESSIVE;
				CLANG_CXX_LANGUAGE_STANDARD = "gnu++14";
				CLANG_CXX_LIBRARY = "libc++";
				CLANG_ENABLE_MODULES = YES;
				CLANG_ENABLE_OBJC_ARC = YES;
				CLANG_WARN_BLOCK_CAPTURE_AUTORELEASING = YES;
				CLANG_WARN_BOOL_CONVERSION = YES;
				CLANG_WARN_COMMA = YES;
				CLANG_WARN_CONSTANT_CONVERSION = YES;
				CLANG_WARN_DIRECT_OBJC_ISA_USAGE = YES_ERROR;
				CLANG_WARN_DOCUMENTATION_COMMENTS = YES;
				CLANG_WARN_EMPTY_BODY = YES;
				CLANG_WARN_ENUM_CONVERSION = YES;
				CLANG_WARN_INFINITE_RECURSION = YES;
				CLANG_WARN_INT_CONVERSION = YES;
				CLANG_WARN_NON_LITERAL_NULL_CONVERSION = YES;
				CLANG_WARN_OBJC_LITERAL_CONVERSION = YES;
				CLANG_WARN_OBJC_ROOT_CLASS = YES_ERROR;
				CLANG_WARN_RANGE_LOOP_ANALYSIS = YES;
				CLANG_WARN_STRICT_PROTOTYPES = YES;
				CLANG_WARN_SUSPICIOUS_MOVE = YES;
				CLANG_WARN_UNGUARDED_AVAILABILITY = YES_AGGRESSIVE;
				CLANG_WARN_UNREACHABLE_CODE = YES;
				CLANG_WARN__DUPLICATE_METHOD_MATCH = YES;
				CODE_SIGN_IDENTITY = "iPhone Developer";
				COPY_PHASE_STRIP = NO;
				DEBUG_INFORMATION_FORMAT = "dwarf-with-dsym";
				ENABLE_NS_ASSERTIONS = NO;
				ENABLE_STRICT_OBJC_MSGSEND = YES;
				GCC_C_LANGUAGE_STANDARD = gnu11;
				GCC_NO_COMMON_BLOCKS = YES;
				GCC_WARN_64_TO_32_BIT_CONVERSION = YES;
				GCC_WARN_ABOUT_RETURN_TYPE = YES_ERROR;
				GCC_WARN_UNDECLARED_SELECTOR = YES;
				GCC_WARN_UNINITIALIZED_AUTOS = YES_AGGRESSIVE;
				GCC_WARN_UNUSED_FUNCTION = YES;
				GCC_WARN_UNUSED_VARIABLE = YES;
				IPHONEOS_DEPLOYMENT_TARGET = 11.2;
				MTL_ENABLE_DEBUG_INFO = NO;
				SDKROOT = iphoneos;
				SWIFT_OPTIMIZATION_LEVEL = "-Owholemodule";
				VALIDATE_PRODUCT = YES;
			};
			name = Release;
		};
		8F38756B200B7FF200411E1B /* Debug */ = {
			isa = XCBuildConfiguration;
			buildSettings = {
				ASSETCATALOG_COMPILER_APPICON_NAME = AppIcon;
				CODE_SIGN_STYLE = Automatic;
				INFOPLIST_FILE = Convos_iOS/Info.plist;
				LD_RUNPATH_SEARCH_PATHS = "$(inherited) @executable_path/Frameworks";
				PRODUCT_BUNDLE_IDENTIFIER = "novaorbis.Convos-iOS";
				PRODUCT_NAME = "$(TARGET_NAME)";
				SWIFT_VERSION = 4.0;
				TARGETED_DEVICE_FAMILY = "1,2";
			};
			name = Debug;
		};
		8F38756C200B7FF200411E1B /* Release */ = {
			isa = XCBuildConfiguration;
			buildSettings = {
				ASSETCATALOG_COMPILER_APPICON_NAME = AppIcon;
				CODE_SIGN_STYLE = Automatic;
				INFOPLIST_FILE = Convos_iOS/Info.plist;
				LD_RUNPATH_SEARCH_PATHS = "$(inherited) @executable_path/Frameworks";
				PRODUCT_BUNDLE_IDENTIFIER = "novaorbis.Convos-iOS";
				PRODUCT_NAME = "$(TARGET_NAME)";
				SWIFT_VERSION = 4.0;
				TARGETED_DEVICE_FAMILY = "1,2";
			};
			name = Release;
		};
/* End XCBuildConfiguration section */

/* Begin XCConfigurationList section */
		8F387550200B7FF200411E1B /* Build configuration list for PBXProject "Convos_iOS" */ = {
			isa = XCConfigurationList;
			buildConfigurations = (
				8F387568200B7FF200411E1B /* Debug */,
				8F387569200B7FF200411E1B /* Release */,
			);
			defaultConfigurationIsVisible = 0;
			defaultConfigurationName = Release;
		};
		8F38756A200B7FF200411E1B /* Build configuration list for PBXNativeTarget "Convos_iOS" */ = {
			isa = XCConfigurationList;
			buildConfigurations = (
				8F38756B200B7FF200411E1B /* Debug */,
				8F38756C200B7FF200411E1B /* Release */,
			);
			defaultConfigurationIsVisible = 0;
			defaultConfigurationName = Release;
		};
/* End XCConfigurationList section */

/* Begin XCVersionGroup section */
		8F38755F200B7FF200411E1B /* Convos_iOS.xcdatamodeld */ = {
			isa = XCVersionGroup;
			children = (
				8F387560200B7FF200411E1B /* Convos_iOS.xcdatamodel */,
			);
			currentVersion = 8F387560200B7FF200411E1B /* Convos_iOS.xcdatamodel */;
			path = Convos_iOS.xcdatamodeld;
			sourceTree = "<group>";
			versionGroupType = wrapper.xcdatamodel;
		};
/* End XCVersionGroup section */
	};
	rootObject = 8F38754D200B7FF200411E1B /* Project object */;
}
